
Microsoft Visual Studio Solution File, Format Version 12.00
# Visual Studio Version 17
VisualStudioVersion = 17.9.34728.123
MinimumVisualStudioVersion = 10.0.40219.1
Project("{FAE04EC0-301F-11D3-BF4B-00C04F79EFBC}") = "Evaluacion-jorge", "Evaluacion-jorge\Evaluacion-jorge.csproj", "{0D4D5C45-4453-4DD6-A31E-42BBA5C5FDEE}"
EndProject
Global
	GlobalSection(SolutionConfigurationPlatforms) = preSolution
		Debug|Any CPU = Debug|Any CPU
		Release|Any CPU = Release|Any CPU
	EndGlobalSection
	GlobalSection(ProjectConfigurationPlatforms) = postSolution
		{0D4D5C45-4453-4DD6-A31E-42BBA5C5FDEE}.Debug|Any CPU.ActiveCfg = Debug|Any CPU
		{0D4D5C45-4453-4DD6-A31E-42BBA5C5FDEE}.Debug|Any CPU.Build.0 = Debug|Any CPU
		{0D4D5C45-4453-4DD6-A31E-42BBA5C5FDEE}.Release|Any CPU.ActiveCfg = Release|Any CPU
		{0D4D5C45-4453-4DD6-A31E-42BBA5C5FDEE}.Release|Any CPU.Build.0 = Release|Any CPU
	EndGlobalSection
	GlobalSection(SolutionProperties) = preSolution
		HideSolutionNode = FALSE
	EndGlobalSection
	GlobalSection(ExtensibilityGlobals) = postSolution
		SolutionGuid = {5791A8ED-52FA-4CD9-AD57-DC58E1F98798}
	EndGlobalSection
EndGlobal
